
Microsoft Visual Studio Solution File, Format Version 12.00
# Visual Studio 14
VisualStudioVersion = 14.0.25123.0
MinimumVisualStudioVersion = 10.0.40219.1
Project("{FAE04EC0-301F-11D3-BF4B-00C04F79EFBC}") = "Taschenrechner 1.0", "Taschenrechner 1.0\Taschenrechner 1.0.csproj", "{AA551D8F-1DBE-4C00-9AEF-9FCF971C5E05}"
EndProject
Global
	GlobalSection(SolutionConfigurationPlatforms) = preSolution
		Debug|Any CPU = Debug|Any CPU
		Release|Any CPU = Release|Any CPU
	EndGlobalSection
	GlobalSection(ProjectConfigurationPlatforms) = postSolution
		{AA551D8F-1DBE-4C00-9AEF-9FCF971C5E05}.Debug|Any CPU.ActiveCfg = Debug|Any CPU
		{AA551D8F-1DBE-4C00-9AEF-9FCF971C5E05}.Debug|Any CPU.Build.0 = Debug|Any CPU
		{AA551D8F-1DBE-4C00-9AEF-9FCF971C5E05}.Release|Any CPU.ActiveCfg = Release|Any CPU
		{AA551D8F-1DBE-4C00-9AEF-9FCF971C5E05}.Release|Any CPU.Build.0 = Release|Any CPU
	EndGlobalSection
	GlobalSection(SolutionProperties) = preSolution
		HideSolutionNode = FALSE
	EndGlobalSection
EndGlobal
